// !$*UTF8*$!
{
	archiveVersion = 1;
	classes = {
	};
	objectVersion = 50;
	objects = {

/* Begin PBXBuildFile section */
		4B8151C823532E61004D2433 /* AppDelegate.swift in Sources */ = {isa = PBXBuildFile; fileRef = 4B8151C723532E61004D2433 /* AppDelegate.swift */; };
		4B8151CA23532E61004D2433 /* SceneDelegate.swift in Sources */ = {isa = PBXBuildFile; fileRef = 4B8151C923532E61004D2433 /* SceneDelegate.swift */; };
		4B8151CC23532E61004D2433 /* ContentView.swift in Sources */ = {isa = PBXBuildFile; fileRef = 4B8151CB23532E61004D2433 /* ContentView.swift */; };
		4B8151CE23532E63004D2433 /* Assets.xcassets in Resources */ = {isa = PBXBuildFile; fileRef = 4B8151CD23532E63004D2433 /* Assets.xcassets */; };
		4B8151D123532E63004D2433 /* Preview Assets.xcassets in Resources */ = {isa = PBXBuildFile; fileRef = 4B8151D023532E63004D2433 /* Preview Assets.xcassets */; };
		4B8151D423532E63004D2433 /* LaunchScreen.storyboard in Resources */ = {isa = PBXBuildFile; fileRef = 4B8151D223532E63004D2433 /* LaunchScreen.storyboard */; };
		4B8151DF23532E63004D2433 /* helloTests.swift in Sources */ = {isa = PBXBuildFile; fileRef = 4B8151DE23532E63004D2433 /* helloTests.swift */; };
		4B8151EA23532E63004D2433 /* helloUITests.swift in Sources */ = {isa = PBXBuildFile; fileRef = 4B8151E923532E63004D2433 /* helloUITests.swift */; };
/* End PBXBuildFile section */

/* Begin PBXContainerItemProxy section */
		4B8151DB23532E63004D2433 /* PBXContainerItemProxy */ = {
			isa = PBXContainerItemProxy;
			containerPortal = 4B8151BC23532E61004D2433 /* Project object */;
			proxyType = 1;
			remoteGlobalIDString = 4B8151C323532E61004D2433;
			remoteInfo = hello;
		};
		4B8151E623532E63004D2433 /* PBXContainerItemProxy */ = {
			isa = PBXContainerItemProxy;
			containerPortal = 4B8151BC23532E61004D2433 /* Project object */;
			proxyType = 1;
			remoteGlobalIDString = 4B8151C323532E61004D2433;
			remoteInfo = hello;
		};
/* End PBXContainerItemProxy section */

/* Begin PBXFileReference section */
		4B8151C423532E61004D2433 /* hello.app */ = {isa = PBXFileReference; explicitFileType = wrapper.application; includeInIndex = 0; path = hello.app; sourceTree = BUILT_PRODUCTS_DIR; };
		4B8151C723532E61004D2433 /* AppDelegate.swift */ = {isa = PBXFileReference; lastKnownFileType = sourcecode.swift; path = AppDelegate.swift; sourceTree = "<group>"; };
		4B8151C923532E61004D2433 /* SceneDelegate.swift */ = {isa = PBXFileReference; lastKnownFileType = sourcecode.swift; path = SceneDelegate.swift; sourceTree = "<group>"; };
		4B8151CB23532E61004D2433 /* ContentView.swift */ = {isa = PBXFileReference; lastKnownFileType = sourcecode.swift; path = ContentView.swift; sourceTree = "<group>"; };
		4B8151CD23532E63004D2433 /* Assets.xcassets */ = {isa = PBXFileReference; lastKnownFileType = folder.assetcatalog; path = Assets.xcassets; sourceTree = "<group>"; };
		4B8151D023532E63004D2433 /* Preview Assets.xcassets */ = {isa = PBXFileReference; lastKnownFileType = folder.assetcatalog; path = "Preview Assets.xcassets"; sourceTree = "<group>"; };
		4B8151D323532E63004D2433 /* Base */ = {isa = PBXFileReference; lastKnownFileType = file.storyboard; name = Base; path = Base.lproj/LaunchScreen.storyboard; sourceTree = "<group>"; };
		4B8151D523532E63004D2433 /* Info.plist */ = {isa = PBXFileReference; lastKnownFileType = text.plist.xml; path = Info.plist; sourceTree = "<group>"; };
		4B8151DA23532E63004D2433 /* helloTests.xctest */ = {isa = PBXFileReference; explicitFileType = wrapper.cfbundle; includeInIndex = 0; path = helloTests.xctest; sourceTree = BUILT_PRODUCTS_DIR; };
		4B8151DE23532E63004D2433 /* helloTests.swift */ = {isa = PBXFileReference; lastKnownFileType = sourcecode.swift; path = helloTests.swift; sourceTree = "<group>"; };
		4B8151E023532E63004D2433 /* Info.plist */ = {isa = PBXFileReference; lastKnownFileType = text.plist.xml; path = Info.plist; sourceTree = "<group>"; };
		4B8151E523532E63004D2433 /* helloUITests.xctest */ = {isa = PBXFileReference; explicitFileType = wrapper.cfbundle; includeInIndex = 0; path = helloUITests.xctest; sourceTree = BUILT_PRODUCTS_DIR; };
		4B8151E923532E63004D2433 /* helloUITests.swift */ = {isa = PBXFileReference; lastKnownFileType = sourcecode.swift; path = helloUITests.swift; sourceTree = "<group>"; };
		4B8151EB23532E63004D2433 /* Info.plist */ = {isa = PBXFileReference; lastKnownFileType = text.plist.xml; path = Info.plist; sourceTree = "<group>"; };
/* End PBXFileReference section */

/* Begin PBXFrameworksBuildPhase section */
		4B8151C123532E61004D2433 /* Frameworks */ = {
			isa = PBXFrameworksBuildPhase;
			buildActionMask = 2147483647;
			files = (
			);
			runOnlyForDeploymentPostprocessing = 0;
		};
		4B8151D723532E63004D2433 /* Frameworks */ = {
			isa = PBXFrameworksBuildPhase;
			buildActionMask = 2147483647;
			files = (
			);
			runOnlyForDeploymentPostprocessing = 0;
		};
		4B8151E223532E63004D2433 /* Frameworks */ = {
			isa = PBXFrameworksBuildPhase;
			buildActionMask = 2147483647;
			files = (
			);
			runOnlyForDeploymentPostprocessing = 0;
		};
/* End PBXFrameworksBuildPhase section */

/* Begin PBXGroup section */
		4B8151BB23532E61004D2433 = {
			isa = PBXGroup;
			children = (
				4B8151C623532E61004D2433 /* hello */,
				4B8151DD23532E63004D2433 /* helloTests */,
				4B8151E823532E63004D2433 /* helloUITests */,
				4B8151C523532E61004D2433 /* Products */,
			);
			sourceTree = "<group>";
		};
		4B8151C523532E61004D2433 /* Products */ = {
			isa = PBXGroup;
			children = (
				4B8151C423532E61004D2433 /* hello.app */,
				4B8151DA23532E63004D2433 /* helloTests.xctest */,
				4B8151E523532E63004D2433 /* helloUITests.xctest */,
			);
			name = Products;
			sourceTree = "<group>";
		};
		4B8151C623532E61004D2433 /* hello */ = {
			isa = PBXGroup;
			children = (
				4B8151C723532E61004D2433 /* AppDelegate.swift */,
				4B8151C923532E61004D2433 /* SceneDelegate.swift */,
				4B8151CB23532E61004D2433 /* ContentView.swift */,
				4B8151CD23532E63004D2433 /* Assets.xcassets */,
				4B8151D223532E63004D2433 /* LaunchScreen.storyboard */,
				4B8151D523532E63004D2433 /* Info.plist */,
				4B8151CF23532E63004D2433 /* Preview Content */,
			);
			path = hello;
			sourceTree = "<group>";
		};
		4B8151CF23532E63004D2433 /* Preview Content */ = {
			isa = PBXGroup;
			children = (
				4B8151D023532E63004D2433 /* Preview Assets.xcassets */,
			);
			path = "Preview Content";
			sourceTree = "<group>";
		};
		4B8151DD23532E63004D2433 /* helloTests */ = {
			isa = PBXGroup;
			children = (
				4B8151DE23532E63004D2433 /* helloTests.swift */,
				4B8151E023532E63004D2433 /* Info.plist */,
			);
			path = helloTests;
			sourceTree = "<group>";
		};
		4B8151E823532E63004D2433 /* helloUITests */ = {
			isa = PBXGroup;
			children = (
				4B8151E923532E63004D2433 /* helloUITests.swift */,
				4B8151EB23532E63004D2433 /* Info.plist */,
			);
			path = helloUITests;
			sourceTree = "<group>";
		};
/* End PBXGroup section */

/* Begin PBXNativeTarget section */
		4B8151C323532E61004D2433 /* hello */ = {
			isa = PBXNativeTarget;
			buildConfigurationList = 4B8151EE23532E63004D2433 /* Build configuration list for PBXNativeTarget "hello" */;
			buildPhases = (
				4B8151C023532E61004D2433 /* Sources */,
				4B8151C123532E61004D2433 /* Frameworks */,
				4B8151C223532E61004D2433 /* Resources */,
			);
			buildRules = (
			);
			dependencies = (
			);
			name = hello;
			productName = hello;
			productReference = 4B8151C423532E61004D2433 /* hello.app */;
			productType = "com.apple.product-type.application";
		};
		4B8151D923532E63004D2433 /* helloTests */ = {
			isa = PBXNativeTarget;
			buildConfigurationList = 4B8151F123532E63004D2433 /* Build configuration list for PBXNativeTarget "helloTests" */;
			buildPhases = (
				4B8151D623532E63004D2433 /* Sources */,
				4B8151D723532E63004D2433 /* Frameworks */,
				4B8151D823532E63004D2433 /* Resources */,
			);
			buildRules = (
			);
			dependencies = (
				4B8151DC23532E63004D2433 /* PBXTargetDependency */,
			);
			name = helloTests;
			productName = helloTests;
			productReference = 4B8151DA23532E63004D2433 /* helloTests.xctest */;
			productType = "com.apple.product-type.bundle.unit-test";
		};
		4B8151E423532E63004D2433 /* helloUITests */ = {
			isa = PBXNativeTarget;
			buildConfigurationList = 4B8151F423532E63004D2433 /* Build configuration list for PBXNativeTarget "helloUITests" */;
			buildPhases = (
				4B8151E123532E63004D2433 /* Sources */,
				4B8151E223532E63004D2433 /* Frameworks */,
				4B8151E323532E63004D2433 /* Resources */,
			);
			buildRules = (
			);
			dependencies = (
				4B8151E723532E63004D2433 /* PBXTargetDependency */,
			);
			name = helloUITests;
			productName = helloUITests;
			productReference = 4B8151E523532E63004D2433 /* helloUITests.xctest */;
			productType = "com.apple.product-type.bundle.ui-testing";
		};
/* End PBXNativeTarget section */

/* Begin PBXProject section */
		4B8151BC23532E61004D2433 /* Project object */ = {
			isa = PBXProject;
			attributes = {
				LastSwiftUpdateCheck = 1110;
				LastUpgradeCheck = 1110;
				ORGANIZATIONNAME = wuxingheng;
				TargetAttributes = {
					4B8151C323532E61004D2433 = {
						CreatedOnToolsVersion = 11.1;
					};
					4B8151D923532E63004D2433 = {
						CreatedOnToolsVersion = 11.1;
						TestTargetID = 4B8151C323532E61004D2433;
					};
					4B8151E423532E63004D2433 = {
						CreatedOnToolsVersion = 11.1;
						TestTargetID = 4B8151C323532E61004D2433;
					};
				};
			};
			buildConfigurationList = 4B8151BF23532E61004D2433 /* Build configuration list for PBXProject "hello" */;
			compatibilityVersion = "Xcode 9.3";
			developmentRegion = en;
			hasScannedForEncodings = 0;
			knownRegions = (
				en,
				Base,
			);
			mainGroup = 4B8151BB23532E61004D2433;
			productRefGroup = 4B8151C523532E61004D2433 /* Products */;
			projectDirPath = "";
			projectRoot = "";
			targets = (
				4B8151C323532E61004D2433 /* hello */,
				4B8151D923532E63004D2433 /* helloTests */,
				4B8151E423532E63004D2433 /* helloUITests */,
			);
		};
/* End PBXProject section */

/* Begin PBXResourcesBuildPhase section */
		4B8151C223532E61004D2433 /* Resources */ = {
			isa = PBXResourcesBuildPhase;
			buildActionMask = 2147483647;
			files = (
				4B8151D423532E63004D2433 /* LaunchScreen.storyboard in Resources */,
				4B8151D123532E63004D2433 /* Preview Assets.xcassets in Resources */,
				4B8151CE23532E63004D2433 /* Assets.xcassets in Resources */,
			);
			runOnlyForDeploymentPostprocessing = 0;
		};
		4B8151D823532E63004D2433 /* Resources */ = {
			isa = PBXResourcesBuildPhase;
			buildActionMask = 2147483647;
			files = (
			);
			runOnlyForDeploymentPostprocessing = 0;
		};
		4B8151E323532E63004D2433 /* Resources */ = {
			isa = PBXResourcesBuildPhase;
			buildActionMask = 2147483647;
			files = (
			);
			runOnlyForDeploymentPostprocessing = 0;
		};
/* End PBXResourcesBuildPhase section */

/* Begin PBXSourcesBuildPhase section */
		4B8151C023532E61004D2433 /* Sources */ = {
			isa = PBXSourcesBuildPhase;
			buildActionMask = 2147483647;
			files = (
				4B8151C823532E61004D2433 /* AppDelegate.swift in Sources */,
				4B8151CA23532E61004D2433 /* SceneDelegate.swift in Sources */,
				4B8151CC23532E61004D2433 /* ContentView.swift in Sources */,
			);
			runOnlyForDeploymentPostprocessing = 0;
		};
		4B8151D623532E63004D2433 /* Sources */ = {
			isa = PBXSourcesBuildPhase;
			buildActionMask = 2147483647;
			files = (
				4B8151DF23532E63004D2433 /* helloTests.swift in Sources */,
			);
			runOnlyForDeploymentPostprocessing = 0;
		};
		4B8151E123532E63004D2433 /* Sources */ = {
			isa = PBXSourcesBuildPhase;
			buildActionMask = 2147483647;
			files = (
				4B8151EA23532E63004D2433 /* helloUITests.swift in Sources */,
			);
			runOnlyForDeploymentPostprocessing = 0;
		};
/* End PBXSourcesBuildPhase section */

/* Begin PBXTargetDependency section */
		4B8151DC23532E63004D2433 /* PBXTargetDependency */ = {
			isa = PBXTargetDependency;
			target = 4B8151C323532E61004D2433 /* hello */;
			targetProxy = 4B8151DB23532E63004D2433 /* PBXContainerItemProxy */;
		};
		4B8151E723532E63004D2433 /* PBXTargetDependency */ = {
			isa = PBXTargetDependency;
			target = 4B8151C323532E61004D2433 /* hello */;
			targetProxy = 4B8151E623532E63004D2433 /* PBXContainerItemProxy */;
		};
/* End PBXTargetDependency section */

/* Begin PBXVariantGroup section */
		4B8151D223532E63004D2433 /* LaunchScreen.storyboard */ = {
			isa = PBXVariantGroup;
			children = (
				4B8151D323532E63004D2433 /* Base */,
			);
			name = LaunchScreen.storyboard;
			sourceTree = "<group>";
		};
/* End PBXVariantGroup section */

/* Begin XCBuildConfiguration section */
		4B8151EC23532E63004D2433 /* Debug */ = {
			isa = XCBuildConfiguration;
			buildSettings = {
				ALWAYS_SEARCH_USER_PATHS = NO;
				CLANG_ANALYZER_NONNULL = YES;
				CLANG_ANALYZER_NUMBER_OBJECT_CONVERSION = YES_AGGRESSIVE;
				CLANG_CXX_LANGUAGE_STANDARD = "gnu++14";
				CLANG_CXX_LIBRARY = "libc++";
				CLANG_ENABLE_MODULES = YES;
				CLANG_ENABLE_OBJC_ARC = YES;
				CLANG_ENABLE_OBJC_WEAK = YES;
				CLANG_WARN_BLOCK_CAPTURE_AUTORELEASING = YES;
				CLANG_WARN_BOOL_CONVERSION = YES;
				CLANG_WARN_COMMA = YES;
				CLANG_WARN_CONSTANT_CONVERSION = YES;
				CLANG_WARN_DEPRECATED_OBJC_IMPLEMENTATIONS = YES;
				CLANG_WARN_DIRECT_OBJC_ISA_USAGE = YES_ERROR;
				CLANG_WARN_DOCUMENTATION_COMMENTS = YES;
				CLANG_WARN_EMPTY_BODY = YES;
				CLANG_WARN_ENUM_CONVERSION = YES;
				CLANG_WARN_INFINITE_RECURSION = YES;
				CLANG_WARN_INT_CONVERSION = YES;
				CLANG_WARN_NON_LITERAL_NULL_CONVERSION = YES;
				CLANG_WARN_OBJC_IMPLICIT_RETAIN_SELF = YES;
				CLANG_WARN_OBJC_LITERAL_CONVERSION = YES;
				CLANG_WARN_OBJC_ROOT_CLASS = YES_ERROR;
				CLANG_WARN_RANGE_LOOP_ANALYSIS = YES;
				CLANG_WARN_STRICT_PROTOTYPES = YES;
				CLANG_WARN_SUSPICIOUS_MOVE = YES;
				CLANG_WARN_UNGUARDED_AVAILABILITY = YES_AGGRESSIVE;
				CLANG_WARN_UNREACHABLE_CODE = YES;
				CLANG_WARN__DUPLICATE_METHOD_MATCH = YES;
				COPY_PHASE_STRIP = NO;
				DEBUG_INFORMATION_FORMAT = dwarf;
				ENABLE_STRICT_OBJC_MSGSEND = YES;
				ENABLE_TESTABILITY = YES;
				GCC_C_LANGUAGE_STANDARD = gnu11;
				GCC_DYNAMIC_NO_PIC = NO;
				GCC_NO_COMMON_BLOCKS = YES;
				GCC_OPTIMIZATION_LEVEL = 0;
				GCC_PREPROCESSOR_DEFINITIONS = (
					"DEBUG=1",
					"$(inherited)",
				);
				GCC_WARN_64_TO_32_BIT_CONVERSION = YES;
				GCC_WARN_ABOUT_RETURN_TYPE = YES_ERROR;
				GCC_WARN_UNDECLARED_SELECTOR = YES;
				GCC_WARN_UNINITIALIZED_AUTOS = YES_AGGRESSIVE;
				GCC_WARN_UNUSED_FUNCTION = YES;
				GCC_WARN_UNUSED_VARIABLE = YES;
				IPHONEOS_DEPLOYMENT_TARGET = 13.1;
				MTL_ENABLE_DEBUG_INFO = INCLUDE_SOURCE;
				MTL_FAST_MATH = YES;
				ONLY_ACTIVE_ARCH = YES;
				SDKROOT = iphoneos;
				SWIFT_ACTIVE_COMPILATION_CONDITIONS = DEBUG;
				SWIFT_OPTIMIZATION_LEVEL = "-Onone";
			};
			name = Debug;
		};
		4B8151ED23532E63004D2433 /* Release */ = {
			isa = XCBuildConfiguration;
			buildSettings = {
				ALWAYS_SEARCH_USER_PATHS = NO;
				CLANG_ANALYZER_NONNULL = YES;
				CLANG_ANALYZER_NUMBER_OBJECT_CONVERSION = YES_AGGRESSIVE;
				CLANG_CXX_LANGUAGE_STANDARD = "gnu++14";
				CLANG_CXX_LIBRARY = "libc++";
				CLANG_ENABLE_MODULES = YES;
				CLANG_ENABLE_OBJC_ARC = YES;
				CLANG_ENABLE_OBJC_WEAK = YES;
				CLANG_WARN_BLOCK_CAPTURE_AUTORELEASING = YES;
				CLANG_WARN_BOOL_CONVERSION = YES;
				CLANG_WARN_COMMA = YES;
				CLANG_WARN_CONSTANT_CONVERSION = YES;
				CLANG_WARN_DEPRECATED_OBJC_IMPLEMENTATIONS = YES;
				CLANG_WARN_DIRECT_OBJC_ISA_USAGE = YES_ERROR;
				CLANG_WARN_DOCUMENTATION_COMMENTS = YES;
				CLANG_WARN_EMPTY_BODY = YES;
				CLANG_WARN_ENUM_CONVERSION = YES;
				CLANG_WARN_INFINITE_RECURSION = YES;
				CLANG_WARN_INT_CONVERSION = YES;
				CLANG_WARN_NON_LITERAL_NULL_CONVERSION = YES;
				CLANG_WARN_OBJC_IMPLICIT_RETAIN_SELF = YES;
				CLANG_WARN_OBJC_LITERAL_CONVERSION = YES;
				CLANG_WARN_OBJC_ROOT_CLASS = YES_ERROR;
				CLANG_WARN_RANGE_LOOP_ANALYSIS = YES;
				CLANG_WARN_STRICT_PROTOTYPES = YES;
				CLANG_WARN_SUSPICIOUS_MOVE = YES;
				CLANG_WARN_UNGUARDED_AVAILABILITY = YES_AGGRESSIVE;
				CLANG_WARN_UNREACHABLE_CODE = YES;
				CLANG_WARN__DUPLICATE_METHOD_MATCH = YES;
				COPY_PHASE_STRIP = NO;
				DEBUG_INFORMATION_FORMAT = "dwarf-with-dsym";
				ENABLE_NS_ASSERTIONS = NO;
				ENABLE_STRICT_OBJC_MSGSEND = YES;
				GCC_C_LANGUAGE_STANDARD = gnu11;
				GCC_NO_COMMON_BLOCKS = YES;
				GCC_WARN_64_TO_32_BIT_CONVERSION = YES;
				GCC_WARN_ABOUT_RETURN_TYPE = YES_ERROR;
				GCC_WARN_UNDECLARED_SELECTOR = YES;
				GCC_WARN_UNINITIALIZED_AUTOS = YES_AGGRESSIVE;
				GCC_WARN_UNUSED_FUNCTION = YES;
				GCC_WARN_UNUSED_VARIABLE = YES;
				IPHONEOS_DEPLOYMENT_TARGET = 13.1;
				MTL_ENABLE_DEBUG_INFO = NO;
				MTL_FAST_MATH = YES;
				SDKROOT = iphoneos;
				SWIFT_COMPILATION_MODE = wholemodule;
				SWIFT_OPTIMIZATION_LEVEL = "-O";
				VALIDATE_PRODUCT = YES;
			};
			name = Release;
		};
		4B8151EF23532E63004D2433 /* Debug */ = {
			isa = XCBuildConfiguration;
			buildSettings = {
				ASSETCATALOG_COMPILER_APPICON_NAME = AppIcon;
				CODE_SIGN_STYLE = Automatic;
				DEVELOPMENT_ASSET_PATHS = "\"hello/Preview Content\"";
				DEVELOPMENT_TEAM = Z3K888LK6P;
				ENABLE_PREVIEWS = YES;
				INFOPLIST_FILE = hello/Info.plist;
				LD_RUNPATH_SEARCH_PATHS = (
					"$(inherited)",
					"@executable_path/Frameworks",
				);
				PRODUCT_BUNDLE_IDENTIFIER = wuxingheng.hello;
				PRODUCT_NAME = "$(TARGET_NAME)";
				SWIFT_VERSION = 5.0;
				TARGETED_DEVICE_FAMILY = "1,2";
			};
			name = Debug;
		};
		4B8151F023532E63004D2433 /* Release */ = {
			isa = XCBuildConfiguration;
			buildSettings = {
				ASSETCATALOG_COMPILER_APPICON_NAME = AppIcon;
				CODE_SIGN_STYLE = Automatic;
				DEVELOPMENT_ASSET_PATHS = "\"hello/Preview Content\"";
				DEVELOPMENT_TEAM = Z3K888LK6P;
				ENABLE_PREVIEWS = YES;
				INFOPLIST_FILE = hello/Info.plist;
				LD_RUNPATH_SEARCH_PATHS = (
					"$(inherited)",
					"@executable_path/Frameworks",
				);
				PRODUCT_BUNDLE_IDENTIFIER = wuxingheng.hello;
				PRODUCT_NAME = "$(TARGET_NAME)";
				SWIFT_VERSION = 5.0;
				TARGETED_DEVICE_FAMILY = "1,2";
			};
			name = Release;
		};
		4B8151F223532E63004D2433 /* Debug */ = {
			isa = XCBuildConfiguration;
			buildSettings = {
				ALWAYS_EMBED_SWIFT_STANDARD_LIBRARIES = YES;
				BUNDLE_LOADER = "$(TEST_HOST)";
				CODE_SIGN_STYLE = Automatic;
				DEVELOPMENT_TEAM = Z3K888LK6P;
				INFOPLIST_FILE = helloTests/Info.plist;
				IPHONEOS_DEPLOYMENT_TARGET = 13.1;
				LD_RUNPATH_SEARCH_PATHS = (
					"$(inherited)",
					"@executable_path/Frameworks",
					"@loader_path/Frameworks",
				);
				PRODUCT_BUNDLE_IDENTIFIER = wuxingheng.helloTests;
				PRODUCT_NAME = "$(TARGET_NAME)";
				SWIFT_VERSION = 5.0;
				TARGETED_DEVICE_FAMILY = "1,2";
				TEST_HOST = "$(BUILT_PRODUCTS_DIR)/hello.app/hello";
			};
			name = Debug;
		};
		4B8151F323532E63004D2433 /* Release */ = {
			isa = XCBuildConfiguration;
			buildSettings = {
				ALWAYS_EMBED_SWIFT_STANDARD_LIBRARIES = YES;
				BUNDLE_LOADER = "$(TEST_HOST)";
				CODE_SIGN_STYLE = Automatic;
				DEVELOPMENT_TEAM = Z3K888LK6P;
				INFOPLIST_FILE = helloTests/Info.plist;
				IPHONEOS_DEPLOYMENT_TARGET = 13.1;
				LD_RUNPATH_SEARCH_PATHS = (
					"$(inherited)",
					"@executable_path/Frameworks",
					"@loader_path/Frameworks",
				);
				PRODUCT_BUNDLE_IDENTIFIER = wuxingheng.helloTests;
				PRODUCT_NAME = "$(TARGET_NAME)";
				SWIFT_VERSION = 5.0;
				TARGETED_DEVICE_FAMILY = "1,2";
				TEST_HOST = "$(BUILT_PRODUCTS_DIR)/hello.app/hello";
			};
			name = Release;
		};
		4B8151F523532E63004D2433 /* Debug */ = {
			isa = XCBuildConfiguration;
			buildSettings = {
				ALWAYS_EMBED_SWIFT_STANDARD_LIBRARIES = YES;
				CODE_SIGN_STYLE = Automatic;
				DEVELOPMENT_TEAM = Z3K888LK6P;
				INFOPLIST_FILE = helloUITests/Info.plist;
				LD_RUNPATH_SEARCH_PATHS = (
					"$(inherited)",
					"@executable_path/Frameworks",
					"@loader_path/Frameworks",
				);
				PRODUCT_BUNDLE_IDENTIFIER = wuxingheng.helloUITests;
				PRODUCT_NAME = "$(TARGET_NAME)";
				SWIFT_VERSION = 5.0;
				TARGETED_DEVICE_FAMILY = "1,2";
				TEST_TARGET_NAME = hello;
			};
			name = Debug;
		};
		4B8151F623532E63004D2433 /* Release */ = {
			isa = XCBuildConfiguration;
			buildSettings = {
				ALWAYS_EMBED_SWIFT_STANDARD_LIBRARIES = YES;
				CODE_SIGN_STYLE = Automatic;
				DEVELOPMENT_TEAM = Z3K888LK6P;
				INFOPLIST_FILE = helloUITests/Info.plist;
				LD_RUNPATH_SEARCH_PATHS = (
					"$(inherited)",
					"@executable_path/Frameworks",
					"@loader_path/Frameworks",
				);
				PRODUCT_BUNDLE_IDENTIFIER = wuxingheng.helloUITests;
				PRODUCT_NAME = "$(TARGET_NAME)";
				SWIFT_VERSION = 5.0;
				TARGETED_DEVICE_FAMILY = "1,2";
				TEST_TARGET_NAME = hello;
			};
			name = Release;
		};
/* End XCBuildConfiguration section */

/* Begin XCConfigurationList section */
		4B8151BF23532E61004D2433 /* Build configuration list for PBXProject "hello" */ = {
			isa = XCConfigurationList;
			buildConfigurations = (
				4B8151EC23532E63004D2433 /* Debug */,
				4B8151ED23532E63004D2433 /* Release */,
			);
			defaultConfigurationIsVisible = 0;
			defaultConfigurationName = Release;
		};
		4B8151EE23532E63004D2433 /* Build configuration list for PBXNativeTarget "hello" */ = {
			isa = XCConfigurationList;
			buildConfigurations = (
				4B8151EF23532E63004D2433 /* Debug */,
				4B8151F023532E63004D2433 /* Release */,
			);
			defaultConfigurationIsVisible = 0;
			defaultConfigurationName = Release;
		};
		4B8151F123532E63004D2433 /* Build configuration list for PBXNativeTarget "helloTests" */ = {
			isa = XCConfigurationList;
			buildConfigurations = (
				4B8151F223532E63004D2433 /* Debug */,
				4B8151F323532E63004D2433 /* Release */,
			);
			defaultConfigurationIsVisible = 0;
			defaultConfigurationName = Release;
		};
		4B8151F423532E63004D2433 /* Build configuration list for PBXNativeTarget "helloUITests" */ = {
			isa = XCConfigurationList;
			buildConfigurations = (
				4B8151F523532E63004D2433 /* Debug */,
				4B8151F623532E63004D2433 /* Release */,
			);
			defaultConfigurationIsVisible = 0;
			defaultConfigurationName = Release;
		};
/* End XCConfigurationList section */
	};
	rootObject = 4B8151BC23532E61004D2433 /* Project object */;
}
